
Microsoft Visual Studio Solution File, Format Version 12.00
# Visual Studio Version 16
VisualStudioVersion = 16.0.29613.14
MinimumVisualStudioVersion = 10.0.40219.1
Project("{8BC9CEB8-8B4A-11D0-8D11-00A0C91BC942}") = "lib_audio_analysis", "audio_analysis_lib.vcxproj", "{E52BCAAB-6F6E-4DCE-B10F-42AB05E062BE}"
EndProject
Project("{8BC9CEB8-8B4A-11D0-8D11-00A0C91BC942}") = "debugLib", "debugLib\debugLib.vcxproj", "{C6493D88-6C3E-4BE7-A0CF-99C6690AE163}"
	ProjectSection(ProjectDependencies) = postProject
		{E52BCAAB-6F6E-4DCE-B10F-42AB05E062BE} = {E52BCAAB-6F6E-4DCE-B10F-42AB05E062BE}
	EndProjectSection
EndProject
Project("{FAE04EC0-301F-11D3-BF4B-00C04F79EFBC}") = "debugLibCs", "debugLibCs\debugLibCs.csproj", "{ED1DF579-BDDE-4879-9394-6F0C8B165D59}"
EndProject
Project("{8BC9CEB8-8B4A-11D0-8D11-00A0C91BC942}") = "xaudio2_test", "xaudio2_test\xaudio2_test.vcxproj", "{B7125278-8804-446A-8A04-04686D44049E}"
EndProject
Project("{FAE04EC0-301F-11D3-BF4B-00C04F79EFBC}") = "sharpdx_test", "sharpdx_test\sharpdx_test.csproj", "{7D43D125-8294-4346-8620-82C29AC466B0}"
EndProject
Project("{FAE04EC0-301F-11D3-BF4B-00C04F79EFBC}") = "naudio_test", "naudio_test\naudio_test.csproj", "{D2667993-ACB5-4B6D-9538-D150A25EA8D8}"
EndProject
Global
	GlobalSection(SolutionConfigurationPlatforms) = preSolution
		Debug|Any CPU = Debug|Any CPU
		Debug|x64 = Debug|x64
		Debug|x86 = Debug|x86
		Release|Any CPU = Release|Any CPU
		Release|x64 = Release|x64
		Release|x86 = Release|x86
	EndGlobalSection
	GlobalSection(ProjectConfigurationPlatforms) = postSolution
		{E52BCAAB-6F6E-4DCE-B10F-42AB05E062BE}.Debug|Any CPU.ActiveCfg = Debug|Win32
		{E52BCAAB-6F6E-4DCE-B10F-42AB05E062BE}.Debug|x64.ActiveCfg = Debug|x64
		{E52BCAAB-6F6E-4DCE-B10F-42AB05E062BE}.Debug|x64.Build.0 = Debug|x64
		{E52BCAAB-6F6E-4DCE-B10F-42AB05E062BE}.Debug|x86.ActiveCfg = Debug|Win32
		{E52BCAAB-6F6E-4DCE-B10F-42AB05E062BE}.Debug|x86.Build.0 = Debug|Win32
		{E52BCAAB-6F6E-4DCE-B10F-42AB05E062BE}.Release|Any CPU.ActiveCfg = Release|Win32
		{E52BCAAB-6F6E-4DCE-B10F-42AB05E062BE}.Release|x64.ActiveCfg = Release|x64
		{E52BCAAB-6F6E-4DCE-B10F-42AB05E062BE}.Release|x64.Build.0 = Release|x64
		{E52BCAAB-6F6E-4DCE-B10F-42AB05E062BE}.Release|x86.ActiveCfg = Release|Win32
		{E52BCAAB-6F6E-4DCE-B10F-42AB05E062BE}.Release|x86.Build.0 = Release|Win32
		{C6493D88-6C3E-4BE7-A0CF-99C6690AE163}.Debug|Any CPU.ActiveCfg = Debug|Win32
		{C6493D88-6C3E-4BE7-A0CF-99C6690AE163}.Debug|x64.ActiveCfg = Debug|x64
		{C6493D88-6C3E-4BE7-A0CF-99C6690AE163}.Debug|x64.Build.0 = Debug|x64
		{C6493D88-6C3E-4BE7-A0CF-99C6690AE163}.Debug|x86.ActiveCfg = Debug|Win32
		{C6493D88-6C3E-4BE7-A0CF-99C6690AE163}.Debug|x86.Build.0 = Debug|Win32
		{C6493D88-6C3E-4BE7-A0CF-99C6690AE163}.Release|Any CPU.ActiveCfg = Release|Win32
		{C6493D88-6C3E-4BE7-A0CF-99C6690AE163}.Release|x64.ActiveCfg = Release|x64
		{C6493D88-6C3E-4BE7-A0CF-99C6690AE163}.Release|x64.Build.0 = Release|x64
		{C6493D88-6C3E-4BE7-A0CF-99C6690AE163}.Release|x86.ActiveCfg = Release|Win32
		{C6493D88-6C3E-4BE7-A0CF-99C6690AE163}.Release|x86.Build.0 = Release|Win32
		{ED1DF579-BDDE-4879-9394-6F0C8B165D59}.Debug|Any CPU.ActiveCfg = Debug|Any CPU
		{ED1DF579-BDDE-4879-9394-6F0C8B165D59}.Debug|Any CPU.Build.0 = Debug|Any CPU
		{ED1DF579-BDDE-4879-9394-6F0C8B165D59}.Debug|x64.ActiveCfg = Debug|Any CPU
		{ED1DF579-BDDE-4879-9394-6F0C8B165D59}.Debug|x64.Build.0 = Debug|Any CPU
		{ED1DF579-BDDE-4879-9394-6F0C8B165D59}.Debug|x86.ActiveCfg = Debug|Any CPU
		{ED1DF579-BDDE-4879-9394-6F0C8B165D59}.Debug|x86.Build.0 = Debug|Any CPU
		{ED1DF579-BDDE-4879-9394-6F0C8B165D59}.Release|Any CPU.ActiveCfg = Release|Any CPU
		{ED1DF579-BDDE-4879-9394-6F0C8B165D59}.Release|Any CPU.Build.0 = Release|Any CPU
		{ED1DF579-BDDE-4879-9394-6F0C8B165D59}.Release|x64.ActiveCfg = Release|Any CPU
		{ED1DF579-BDDE-4879-9394-6F0C8B165D59}.Release|x64.Build.0 = Release|Any CPU
		{ED1DF579-BDDE-4879-9394-6F0C8B165D59}.Release|x86.ActiveCfg = Release|Any CPU
		{ED1DF579-BDDE-4879-9394-6F0C8B165D59}.Release|x86.Build.0 = Release|Any CPU
		{B7125278-8804-446A-8A04-04686D44049E}.Debug|Any CPU.ActiveCfg = Debug|Win32
		{B7125278-8804-446A-8A04-04686D44049E}.Debug|x64.ActiveCfg = Debug|x64
		{B7125278-8804-446A-8A04-04686D44049E}.Debug|x64.Build.0 = Debug|x64
		{B7125278-8804-446A-8A04-04686D44049E}.Debug|x86.ActiveCfg = Debug|Win32
		{B7125278-8804-446A-8A04-04686D44049E}.Debug|x86.Build.0 = Debug|Win32
		{B7125278-8804-446A-8A04-04686D44049E}.Release|Any CPU.ActiveCfg = Release|Win32
		{B7125278-8804-446A-8A04-04686D44049E}.Release|x64.ActiveCfg = Release|x64
		{B7125278-8804-446A-8A04-04686D44049E}.Release|x64.Build.0 = Release|x64
		{B7125278-8804-446A-8A04-04686D44049E}.Release|x86.ActiveCfg = Release|Win32
		{B7125278-8804-446A-8A04-04686D44049E}.Release|x86.Build.0 = Release|Win32
		{7D43D125-8294-4346-8620-82C29AC466B0}.Debug|Any CPU.ActiveCfg = Debug|Any CPU
		{7D43D125-8294-4346-8620-82C29AC466B0}.Debug|Any CPU.Build.0 = Debug|Any CPU
		{7D43D125-8294-4346-8620-82C29AC466B0}.Debug|x64.ActiveCfg = Debug|Any CPU
		{7D43D125-8294-4346-8620-82C29AC466B0}.Debug|x64.Build.0 = Debug|Any CPU
		{7D43D125-8294-4346-8620-82C29AC466B0}.Debug|x86.ActiveCfg = Debug|Any CPU
		{7D43D125-8294-4346-8620-82C29AC466B0}.Debug|x86.Build.0 = Debug|Any CPU
		{7D43D125-8294-4346-8620-82C29AC466B0}.Release|Any CPU.ActiveCfg = Release|Any CPU
		{7D43D125-8294-4346-8620-82C29AC466B0}.Release|Any CPU.Build.0 = Release|Any CPU
		{7D43D125-8294-4346-8620-82C29AC466B0}.Release|x64.ActiveCfg = Release|Any CPU
		{7D43D125-8294-4346-8620-82C29AC466B0}.Release|x64.Build.0 = Release|Any CPU
		{7D43D125-8294-4346-8620-82C29AC466B0}.Release|x86.ActiveCfg = Release|Any CPU
		{7D43D125-8294-4346-8620-82C29AC466B0}.Release|x86.Build.0 = Release|Any CPU
		{D2667993-ACB5-4B6D-9538-D150A25EA8D8}.Debug|Any CPU.ActiveCfg = Debug|Any CPU
		{D2667993-ACB5-4B6D-9538-D150A25EA8D8}.Debug|Any CPU.Build.0 = Debug|Any CPU
		{D2667993-ACB5-4B6D-9538-D150A25EA8D8}.Debug|x64.ActiveCfg = Debug|Any CPU
		{D2667993-ACB5-4B6D-9538-D150A25EA8D8}.Debug|x64.Build.0 = Debug|Any CPU
		{D2667993-ACB5-4B6D-9538-D150A25EA8D8}.Debug|x86.ActiveCfg = Debug|Any CPU
		{D2667993-ACB5-4B6D-9538-D150A25EA8D8}.Debug|x86.Build.0 = Debug|Any CPU
		{D2667993-ACB5-4B6D-9538-D150A25EA8D8}.Release|Any CPU.ActiveCfg = Release|Any CPU
		{D2667993-ACB5-4B6D-9538-D150A25EA8D8}.Release|Any CPU.Build.0 = Release|Any CPU
		{D2667993-ACB5-4B6D-9538-D150A25EA8D8}.Release|x64.ActiveCfg = Release|Any CPU
		{D2667993-ACB5-4B6D-9538-D150A25EA8D8}.Release|x64.Build.0 = Release|Any CPU
		{D2667993-ACB5-4B6D-9538-D150A25EA8D8}.Release|x86.ActiveCfg = Release|Any CPU
		{D2667993-ACB5-4B6D-9538-D150A25EA8D8}.Release|x86.Build.0 = Release|Any CPU
	EndGlobalSection
	GlobalSection(SolutionProperties) = preSolution
		HideSolutionNode = FALSE
	EndGlobalSection
	GlobalSection(ExtensibilityGlobals) = postSolution
		SolutionGuid = {B7D7032E-C8AB-45C3-BB8B-83D5720B7623}
	EndGlobalSection
EndGlobal
